
Microsoft Visual Studio Solution File, Format Version 12.00
# Visual Studio Version 16
VisualStudioVersion = 16.0.29728.190
MinimumVisualStudioVersion = 10.0.40219.1
Project("{FAE04EC0-301F-11D3-BF4B-00C04F79EFBC}") = "Day27-StateManagement_Sessions", "Day27-StateManagement_Sessions\Day27-StateManagement_Sessions.csproj", "{94EFC8F0-7E39-47E3-AFA6-96D87144648D}"
EndProject
Global
	GlobalSection(SolutionConfigurationPlatforms) = preSolution
		Debug|Any CPU = Debug|Any CPU
		Release|Any CPU = Release|Any CPU
	EndGlobalSection
	GlobalSection(ProjectConfigurationPlatforms) = postSolution
		{94EFC8F0-7E39-47E3-AFA6-96D87144648D}.Debug|Any CPU.ActiveCfg = Debug|Any CPU
		{94EFC8F0-7E39-47E3-AFA6-96D87144648D}.Debug|Any CPU.Build.0 = Debug|Any CPU
		{94EFC8F0-7E39-47E3-AFA6-96D87144648D}.Release|Any CPU.ActiveCfg = Release|Any CPU
		{94EFC8F0-7E39-47E3-AFA6-96D87144648D}.Release|Any CPU.Build.0 = Release|Any CPU
	EndGlobalSection
	GlobalSection(SolutionProperties) = preSolution
		HideSolutionNode = FALSE
	EndGlobalSection
	GlobalSection(ExtensibilityGlobals) = postSolution
		SolutionGuid = {7082768F-C64E-4724-B96C-F45C4A3756B5}
	EndGlobalSection
EndGlobal
